
Microsoft Visual Studio Solution File, Format Version 12.00
# Visual Studio Version 17
VisualStudioVersion = 17.1.32421.90
MinimumVisualStudioVersion = 10.0.40219.1
Project("{FAE04EC0-301F-11D3-BF4B-00C04F79EFBC}") = "0112", "0112.csproj", "{548BE8B4-0F5F-4F61-835A-497496A5180C}"
EndProject
Global
	GlobalSection(SolutionConfigurationPlatforms) = preSolution
		Debug|Any CPU = Debug|Any CPU
		Release|Any CPU = Release|Any CPU
	EndGlobalSection
	GlobalSection(ProjectConfigurationPlatforms) = postSolution
		{548BE8B4-0F5F-4F61-835A-497496A5180C}.Debug|Any CPU.ActiveCfg = Debug|Any CPU
		{548BE8B4-0F5F-4F61-835A-497496A5180C}.Debug|Any CPU.Build.0 = Debug|Any CPU
		{548BE8B4-0F5F-4F61-835A-497496A5180C}.Release|Any CPU.ActiveCfg = Release|Any CPU
		{548BE8B4-0F5F-4F61-835A-497496A5180C}.Release|Any CPU.Build.0 = Release|Any CPU
	EndGlobalSection
	GlobalSection(SolutionProperties) = preSolution
		HideSolutionNode = FALSE
	EndGlobalSection
	GlobalSection(ExtensibilityGlobals) = postSolution
		SolutionGuid = {55FE0FAF-34AE-4936-B0D2-5177DB02192B}
	EndGlobalSection
EndGlobal
